
Microsoft Visual Studio Solution File, Format Version 12.00
# Visual Studio Version 17
VisualStudioVersion = 17.8.34511.84
MinimumVisualStudioVersion = 10.0.40219.1
Project("{9A19103F-16F7-4668-BE54-9A1E7A4F7556}") = "ASPDotnetCoreMVC-Exercice01", "ASPDotnetCoreMVC\ASPDotnetCoreMVC-Exercice01\ASPDotnetCoreMVC-Exercice01.csproj", "{BE4042E4-4971-4C2F-BD64-AC4406BCE3D6}"
EndProject
Project("{9A19103F-16F7-4668-BE54-9A1E7A4F7556}") = "ASPDotnetCoreMVC-Exercice04-Marmosets", "ASPDotnetCoreMVC\ASPDotnetCoreMVC-Exercice04-Marmosets\ASPDotnetCoreMVC-Exercice04-Marmosets.csproj", "{1D81CC4C-1E88-499F-B054-255A458E7156}"
EndProject
Global
	GlobalSection(SolutionConfigurationPlatforms) = preSolution
		Debug|Any CPU = Debug|Any CPU
		Release|Any CPU = Release|Any CPU
	EndGlobalSection
	GlobalSection(ProjectConfigurationPlatforms) = postSolution
		{BE4042E4-4971-4C2F-BD64-AC4406BCE3D6}.Debug|Any CPU.ActiveCfg = Debug|Any CPU
		{BE4042E4-4971-4C2F-BD64-AC4406BCE3D6}.Debug|Any CPU.Build.0 = Debug|Any CPU
		{BE4042E4-4971-4C2F-BD64-AC4406BCE3D6}.Release|Any CPU.ActiveCfg = Release|Any CPU
		{BE4042E4-4971-4C2F-BD64-AC4406BCE3D6}.Release|Any CPU.Build.0 = Release|Any CPU
		{1D81CC4C-1E88-499F-B054-255A458E7156}.Debug|Any CPU.ActiveCfg = Debug|Any CPU
		{1D81CC4C-1E88-499F-B054-255A458E7156}.Debug|Any CPU.Build.0 = Debug|Any CPU
		{1D81CC4C-1E88-499F-B054-255A458E7156}.Release|Any CPU.ActiveCfg = Release|Any CPU
		{1D81CC4C-1E88-499F-B054-255A458E7156}.Release|Any CPU.Build.0 = Release|Any CPU
	EndGlobalSection
	GlobalSection(SolutionProperties) = preSolution
		HideSolutionNode = FALSE
	EndGlobalSection
	GlobalSection(ExtensibilityGlobals) = postSolution
		SolutionGuid = {543DE635-C610-47DF-85B4-CCB10E59A6CA}
	EndGlobalSection
EndGlobal
