
Microsoft Visual Studio Solution File, Format Version 12.00
# Visual Studio Version 17
VisualStudioVersion = 17.8.34525.116
MinimumVisualStudioVersion = 10.0.40219.1
Project("{9A19103F-16F7-4668-BE54-9A1E7A4F7556}") = "Exercice04-ContactsAPI", "ASPDotnetCoreAPI\Exercice04-ContactsAPI\Exercice04-ContactsAPI.csproj", "{F27AEE51-FF3B-4FA2-9702-862D7D37BD2A}"
EndProject
Project("{2150E333-8FDC-42A3-9474-1A3956D46DE8}") = "Solution Items", "Solution Items", "{4FF899DF-A022-4812-A764-4B4B405577B8}"
	ProjectSection(SolutionItems) = preProject
		.editorconfig = .editorconfig
	EndProjectSection
EndProject
Project("{FAE04EC0-301F-11D3-BF4B-00C04F79EFBC}") = "Exercice05-PizzeriaAPI", "ASPDotnetCoreAPI\Exercice05-PizzeriaAPI\Exercice05-PizzeriaAPI.csproj", "{5BCAFACE-E0F5-4437-882E-FF6083658473}"
EndProject
Global
	GlobalSection(SolutionConfigurationPlatforms) = preSolution
		Debug|Any CPU = Debug|Any CPU
		Release|Any CPU = Release|Any CPU
	EndGlobalSection
	GlobalSection(ProjectConfigurationPlatforms) = postSolution
		{F27AEE51-FF3B-4FA2-9702-862D7D37BD2A}.Debug|Any CPU.ActiveCfg = Debug|Any CPU
		{F27AEE51-FF3B-4FA2-9702-862D7D37BD2A}.Debug|Any CPU.Build.0 = Debug|Any CPU
		{F27AEE51-FF3B-4FA2-9702-862D7D37BD2A}.Release|Any CPU.ActiveCfg = Release|Any CPU
		{F27AEE51-FF3B-4FA2-9702-862D7D37BD2A}.Release|Any CPU.Build.0 = Release|Any CPU
		{5BCAFACE-E0F5-4437-882E-FF6083658473}.Debug|Any CPU.ActiveCfg = Debug|Any CPU
		{5BCAFACE-E0F5-4437-882E-FF6083658473}.Debug|Any CPU.Build.0 = Debug|Any CPU
		{5BCAFACE-E0F5-4437-882E-FF6083658473}.Release|Any CPU.ActiveCfg = Release|Any CPU
		{5BCAFACE-E0F5-4437-882E-FF6083658473}.Release|Any CPU.Build.0 = Release|Any CPU
	EndGlobalSection
	GlobalSection(SolutionProperties) = preSolution
		HideSolutionNode = FALSE
	EndGlobalSection
	GlobalSection(ExtensibilityGlobals) = postSolution
		SolutionGuid = {B08AD1D8-5725-4885-AB88-B9D893992CC6}
	EndGlobalSection
EndGlobal
