
Microsoft Visual Studio Solution File, Format Version 12.00
# Visual Studio Version 17
VisualStudioVersion = 17.8.34330.188
MinimumVisualStudioVersion = 10.0.40219.1
Project("{9A19103F-16F7-4668-BE54-9A1E7A4F7556}") = "Exercice1", "Demo01\Exercice1.csproj", "{FE2700D9-358D-4CF5-ACCC-84B23266C39B}"
EndProject
Project("{2150E333-8FDC-42A3-9474-1A3956D46DE8}") = "Éléments de solution", "Éléments de solution", "{21B8ADF5-AED5-4C05-9792-4075D88C08AF}"
	ProjectSection(SolutionItems) = preProject
		.gitignore = .gitignore
		README.md = README.md
	EndProjectSection
EndProject
Project("{9A19103F-16F7-4668-BE54-9A1E7A4F7556}") = "Exercice2", "Exercice2\Exercice2.csproj", "{7C1BA119-4111-46EC-9B5B-CD7947217960}"
EndProject
Project("{9A19103F-16F7-4668-BE54-9A1E7A4F7556}") = "Exercice3", "Exercice3\Exercice3.csproj", "{FDBE58AB-C711-4D69-9329-5F9AF3F7D60D}"
EndProject
Project("{9A19103F-16F7-4668-BE54-9A1E7A4F7556}") = "Exercice4", "Exercice4\Exercice4.csproj", "{6E14531A-479E-46AE-8F7C-CA4290D9A37E}"
EndProject
Project("{9A19103F-16F7-4668-BE54-9A1E7A4F7556}") = "Exercice5", "Exercice5\Exercice5.csproj", "{CA2807B3-9B20-45D6-883C-C3F04BE86206}"
EndProject
Project("{9A19103F-16F7-4668-BE54-9A1E7A4F7556}") = "Exercice6", "Exercice6\Exercice6.csproj", "{B9E8D9FF-25F7-4CF4-8171-46C11D33A472}"
EndProject
Project("{9A19103F-16F7-4668-BE54-9A1E7A4F7556}") = "Exercice7", "Exercice7\Exercice7.csproj", "{80BAD10F-B209-4B1F-917B-EB0A4012EF72}"
EndProject
Project("{9A19103F-16F7-4668-BE54-9A1E7A4F7556}") = "Exercice8", "Exercice8\Exercice8.csproj", "{C707A980-04B3-436C-86B0-B8E494040608}"
EndProject
Project("{9A19103F-16F7-4668-BE54-9A1E7A4F7556}") = "Exercice9", "Exercice9\Exercice9.csproj", "{046BBE7D-741A-4256-99BC-9F318907C2CA}"
EndProject
Project("{9A19103F-16F7-4668-BE54-9A1E7A4F7556}") = "Exercice10", "Exercice10\Exercice10.csproj", "{3B04FF9C-7636-4808-9537-0D36ED1E3803}"
EndProject
Project("{9A19103F-16F7-4668-BE54-9A1E7A4F7556}") = "Exercice11", "Exercice11\Exercice11.csproj", "{F661527E-CCFE-409B-AEE1-A1FD76832020}"
EndProject
Project("{9A19103F-16F7-4668-BE54-9A1E7A4F7556}") = "Exercice12", "Exercice12\Exercice12.csproj", "{532BBFD0-2301-48C4-B4CC-56FAB0E01620}"
EndProject
Project("{9A19103F-16F7-4668-BE54-9A1E7A4F7556}") = "Exercice13", "Exercice13\Exercice13.csproj", "{15155F19-36C0-4673-98E9-C80A31F1815E}"
EndProject
Project("{9A19103F-16F7-4668-BE54-9A1E7A4F7556}") = "Exercice14", "Exercice14\Exercice14.csproj", "{FD579E77-E038-4C64-BDFA-6395FD28AAA4}"
EndProject
Project("{9A19103F-16F7-4668-BE54-9A1E7A4F7556}") = "Exercice15", "Exercice15\Exercice15.csproj", "{0ECF44D9-1889-49AD-A828-DA15E9659B64}"
EndProject
Project("{FAE04EC0-301F-11D3-BF4B-00C04F79EFBC}") = "Exercice17", "Exercice17\Exercice17.csproj", "{70BFA9E7-6F21-400F-9408-889C6FC29A66}"
EndProject
Project("{FAE04EC0-301F-11D3-BF4B-00C04F79EFBC}") = "Exercice18", "Exercice18\Exercice18.csproj", "{B42E6F52-7730-4FF3-B331-7DBBAB899FC3}"
EndProject
Global
	GlobalSection(SolutionConfigurationPlatforms) = preSolution
		Debug|Any CPU = Debug|Any CPU
		Release|Any CPU = Release|Any CPU
	EndGlobalSection
	GlobalSection(ProjectConfigurationPlatforms) = postSolution
		{FE2700D9-358D-4CF5-ACCC-84B23266C39B}.Debug|Any CPU.ActiveCfg = Debug|Any CPU
		{FE2700D9-358D-4CF5-ACCC-84B23266C39B}.Debug|Any CPU.Build.0 = Debug|Any CPU
		{FE2700D9-358D-4CF5-ACCC-84B23266C39B}.Release|Any CPU.ActiveCfg = Release|Any CPU
		{FE2700D9-358D-4CF5-ACCC-84B23266C39B}.Release|Any CPU.Build.0 = Release|Any CPU
		{7C1BA119-4111-46EC-9B5B-CD7947217960}.Debug|Any CPU.ActiveCfg = Debug|Any CPU
		{7C1BA119-4111-46EC-9B5B-CD7947217960}.Debug|Any CPU.Build.0 = Debug|Any CPU
		{7C1BA119-4111-46EC-9B5B-CD7947217960}.Release|Any CPU.ActiveCfg = Release|Any CPU
		{7C1BA119-4111-46EC-9B5B-CD7947217960}.Release|Any CPU.Build.0 = Release|Any CPU
		{FDBE58AB-C711-4D69-9329-5F9AF3F7D60D}.Debug|Any CPU.ActiveCfg = Debug|Any CPU
		{FDBE58AB-C711-4D69-9329-5F9AF3F7D60D}.Debug|Any CPU.Build.0 = Debug|Any CPU
		{FDBE58AB-C711-4D69-9329-5F9AF3F7D60D}.Release|Any CPU.ActiveCfg = Release|Any CPU
		{FDBE58AB-C711-4D69-9329-5F9AF3F7D60D}.Release|Any CPU.Build.0 = Release|Any CPU
		{6E14531A-479E-46AE-8F7C-CA4290D9A37E}.Debug|Any CPU.ActiveCfg = Debug|Any CPU
		{6E14531A-479E-46AE-8F7C-CA4290D9A37E}.Debug|Any CPU.Build.0 = Debug|Any CPU
		{6E14531A-479E-46AE-8F7C-CA4290D9A37E}.Release|Any CPU.ActiveCfg = Release|Any CPU
		{6E14531A-479E-46AE-8F7C-CA4290D9A37E}.Release|Any CPU.Build.0 = Release|Any CPU
		{CA2807B3-9B20-45D6-883C-C3F04BE86206}.Debug|Any CPU.ActiveCfg = Debug|Any CPU
		{CA2807B3-9B20-45D6-883C-C3F04BE86206}.Debug|Any CPU.Build.0 = Debug|Any CPU
		{CA2807B3-9B20-45D6-883C-C3F04BE86206}.Release|Any CPU.ActiveCfg = Release|Any CPU
		{CA2807B3-9B20-45D6-883C-C3F04BE86206}.Release|Any CPU.Build.0 = Release|Any CPU
		{B9E8D9FF-25F7-4CF4-8171-46C11D33A472}.Debug|Any CPU.ActiveCfg = Debug|Any CPU
		{B9E8D9FF-25F7-4CF4-8171-46C11D33A472}.Debug|Any CPU.Build.0 = Debug|Any CPU
		{B9E8D9FF-25F7-4CF4-8171-46C11D33A472}.Release|Any CPU.ActiveCfg = Release|Any CPU
		{B9E8D9FF-25F7-4CF4-8171-46C11D33A472}.Release|Any CPU.Build.0 = Release|Any CPU
		{80BAD10F-B209-4B1F-917B-EB0A4012EF72}.Debug|Any CPU.ActiveCfg = Debug|Any CPU
		{80BAD10F-B209-4B1F-917B-EB0A4012EF72}.Debug|Any CPU.Build.0 = Debug|Any CPU
		{80BAD10F-B209-4B1F-917B-EB0A4012EF72}.Release|Any CPU.ActiveCfg = Release|Any CPU
		{80BAD10F-B209-4B1F-917B-EB0A4012EF72}.Release|Any CPU.Build.0 = Release|Any CPU
		{C707A980-04B3-436C-86B0-B8E494040608}.Debug|Any CPU.ActiveCfg = Debug|Any CPU
		{C707A980-04B3-436C-86B0-B8E494040608}.Debug|Any CPU.Build.0 = Debug|Any CPU
		{C707A980-04B3-436C-86B0-B8E494040608}.Release|Any CPU.ActiveCfg = Release|Any CPU
		{C707A980-04B3-436C-86B0-B8E494040608}.Release|Any CPU.Build.0 = Release|Any CPU
		{046BBE7D-741A-4256-99BC-9F318907C2CA}.Debug|Any CPU.ActiveCfg = Debug|Any CPU
		{046BBE7D-741A-4256-99BC-9F318907C2CA}.Debug|Any CPU.Build.0 = Debug|Any CPU
		{046BBE7D-741A-4256-99BC-9F318907C2CA}.Release|Any CPU.ActiveCfg = Release|Any CPU
		{046BBE7D-741A-4256-99BC-9F318907C2CA}.Release|Any CPU.Build.0 = Release|Any CPU
		{3B04FF9C-7636-4808-9537-0D36ED1E3803}.Debug|Any CPU.ActiveCfg = Debug|Any CPU
		{3B04FF9C-7636-4808-9537-0D36ED1E3803}.Debug|Any CPU.Build.0 = Debug|Any CPU
		{3B04FF9C-7636-4808-9537-0D36ED1E3803}.Release|Any CPU.ActiveCfg = Release|Any CPU
		{3B04FF9C-7636-4808-9537-0D36ED1E3803}.Release|Any CPU.Build.0 = Release|Any CPU
		{F661527E-CCFE-409B-AEE1-A1FD76832020}.Debug|Any CPU.ActiveCfg = Debug|Any CPU
		{F661527E-CCFE-409B-AEE1-A1FD76832020}.Debug|Any CPU.Build.0 = Debug|Any CPU
		{F661527E-CCFE-409B-AEE1-A1FD76832020}.Release|Any CPU.ActiveCfg = Release|Any CPU
		{F661527E-CCFE-409B-AEE1-A1FD76832020}.Release|Any CPU.Build.0 = Release|Any CPU
		{532BBFD0-2301-48C4-B4CC-56FAB0E01620}.Debug|Any CPU.ActiveCfg = Debug|Any CPU
		{532BBFD0-2301-48C4-B4CC-56FAB0E01620}.Debug|Any CPU.Build.0 = Debug|Any CPU
		{532BBFD0-2301-48C4-B4CC-56FAB0E01620}.Release|Any CPU.ActiveCfg = Release|Any CPU
		{532BBFD0-2301-48C4-B4CC-56FAB0E01620}.Release|Any CPU.Build.0 = Release|Any CPU
		{15155F19-36C0-4673-98E9-C80A31F1815E}.Debug|Any CPU.ActiveCfg = Debug|Any CPU
		{15155F19-36C0-4673-98E9-C80A31F1815E}.Debug|Any CPU.Build.0 = Debug|Any CPU
		{15155F19-36C0-4673-98E9-C80A31F1815E}.Release|Any CPU.ActiveCfg = Release|Any CPU
		{15155F19-36C0-4673-98E9-C80A31F1815E}.Release|Any CPU.Build.0 = Release|Any CPU
		{FD579E77-E038-4C64-BDFA-6395FD28AAA4}.Debug|Any CPU.ActiveCfg = Debug|Any CPU
		{FD579E77-E038-4C64-BDFA-6395FD28AAA4}.Debug|Any CPU.Build.0 = Debug|Any CPU
		{FD579E77-E038-4C64-BDFA-6395FD28AAA4}.Release|Any CPU.ActiveCfg = Release|Any CPU
		{FD579E77-E038-4C64-BDFA-6395FD28AAA4}.Release|Any CPU.Build.0 = Release|Any CPU
		{0ECF44D9-1889-49AD-A828-DA15E9659B64}.Debug|Any CPU.ActiveCfg = Debug|Any CPU
		{0ECF44D9-1889-49AD-A828-DA15E9659B64}.Debug|Any CPU.Build.0 = Debug|Any CPU
		{0ECF44D9-1889-49AD-A828-DA15E9659B64}.Release|Any CPU.ActiveCfg = Release|Any CPU
		{0ECF44D9-1889-49AD-A828-DA15E9659B64}.Release|Any CPU.Build.0 = Release|Any CPU
		{70BFA9E7-6F21-400F-9408-889C6FC29A66}.Debug|Any CPU.ActiveCfg = Debug|Any CPU
		{70BFA9E7-6F21-400F-9408-889C6FC29A66}.Debug|Any CPU.Build.0 = Debug|Any CPU
		{70BFA9E7-6F21-400F-9408-889C6FC29A66}.Release|Any CPU.ActiveCfg = Release|Any CPU
		{70BFA9E7-6F21-400F-9408-889C6FC29A66}.Release|Any CPU.Build.0 = Release|Any CPU
		{B42E6F52-7730-4FF3-B331-7DBBAB899FC3}.Debug|Any CPU.ActiveCfg = Debug|Any CPU
		{B42E6F52-7730-4FF3-B331-7DBBAB899FC3}.Debug|Any CPU.Build.0 = Debug|Any CPU
		{B42E6F52-7730-4FF3-B331-7DBBAB899FC3}.Release|Any CPU.ActiveCfg = Release|Any CPU
		{B42E6F52-7730-4FF3-B331-7DBBAB899FC3}.Release|Any CPU.Build.0 = Release|Any CPU
	EndGlobalSection
	GlobalSection(SolutionProperties) = preSolution
		HideSolutionNode = FALSE
	EndGlobalSection
	GlobalSection(ExtensibilityGlobals) = postSolution
		SolutionGuid = {D637B0BD-E22E-4196-932B-2AF649C27183}
	EndGlobalSection
EndGlobal
