
Microsoft Visual Studio Solution File, Format Version 12.00
# Visual Studio Version 17
VisualStudioVersion = 17.8.34330.188
MinimumVisualStudioVersion = 10.0.40219.1
Project("{2150E333-8FDC-42A3-9474-1A3956D46DE8}") = "Éléments de solution", "Éléments de solution", "{21B8ADF5-AED5-4C05-9792-4075D88C08AF}"
	ProjectSection(SolutionItems) = preProject
		.gitignore = .gitignore
		README.md = README.md
	EndProjectSection
EndProject
Project("{9A19103F-16F7-4668-BE54-9A1E7A4F7556}") = "Exercice2", "Fundamentals\Exercice2\Exercice2.csproj", "{7C1BA119-4111-46EC-9B5B-CD7947217960}"
EndProject
Project("{9A19103F-16F7-4668-BE54-9A1E7A4F7556}") = "Exercice3", "Fundamentals\Exercice3\Exercice3.csproj", "{FDBE58AB-C711-4D69-9329-5F9AF3F7D60D}"
EndProject
Project("{9A19103F-16F7-4668-BE54-9A1E7A4F7556}") = "Exercice4", "Fundamentals\Exercice4\Exercice4.csproj", "{6E14531A-479E-46AE-8F7C-CA4290D9A37E}"
EndProject
Project("{9A19103F-16F7-4668-BE54-9A1E7A4F7556}") = "Exercice5", "Fundamentals\Exercice5\Exercice5.csproj", "{CA2807B3-9B20-45D6-883C-C3F04BE86206}"
EndProject
Project("{9A19103F-16F7-4668-BE54-9A1E7A4F7556}") = "Exercice6", "Fundamentals\Exercice6\Exercice6.csproj", "{B9E8D9FF-25F7-4CF4-8171-46C11D33A472}"
EndProject
Project("{9A19103F-16F7-4668-BE54-9A1E7A4F7556}") = "Exercice7", "Fundamentals\Exercice7\Exercice7.csproj", "{80BAD10F-B209-4B1F-917B-EB0A4012EF72}"
EndProject
Project("{9A19103F-16F7-4668-BE54-9A1E7A4F7556}") = "Exercice8", "Fundamentals\Exercice8\Exercice8.csproj", "{C707A980-04B3-436C-86B0-B8E494040608}"
EndProject
Project("{9A19103F-16F7-4668-BE54-9A1E7A4F7556}") = "Exercice9", "Fundamentals\Exercice9\Exercice9.csproj", "{046BBE7D-741A-4256-99BC-9F318907C2CA}"
EndProject
Project("{9A19103F-16F7-4668-BE54-9A1E7A4F7556}") = "Exercice10", "Fundamentals\Exercice10\Exercice10.csproj", "{3B04FF9C-7636-4808-9537-0D36ED1E3803}"
EndProject
Project("{9A19103F-16F7-4668-BE54-9A1E7A4F7556}") = "Exercice11", "Fundamentals\Exercice11\Exercice11.csproj", "{F661527E-CCFE-409B-AEE1-A1FD76832020}"
EndProject
Project("{9A19103F-16F7-4668-BE54-9A1E7A4F7556}") = "Exercice12", "Fundamentals\Exercice12\Exercice12.csproj", "{532BBFD0-2301-48C4-B4CC-56FAB0E01620}"
EndProject
Project("{9A19103F-16F7-4668-BE54-9A1E7A4F7556}") = "Exercice13", "Fundamentals\Exercice13\Exercice13.csproj", "{15155F19-36C0-4673-98E9-C80A31F1815E}"
EndProject
Project("{9A19103F-16F7-4668-BE54-9A1E7A4F7556}") = "Exercice14", "Fundamentals\Exercice14\Exercice14.csproj", "{FD579E77-E038-4C64-BDFA-6395FD28AAA4}"
EndProject
Project("{9A19103F-16F7-4668-BE54-9A1E7A4F7556}") = "Exercice15", "Fundamentals\Exercice15\Exercice15.csproj", "{0ECF44D9-1889-49AD-A828-DA15E9659B64}"
EndProject
Project("{9A19103F-16F7-4668-BE54-9A1E7A4F7556}") = "Exercice17", "Fundamentals\Exercice17\Exercice17.csproj", "{70BFA9E7-6F21-400F-9408-889C6FC29A66}"
EndProject
Project("{9A19103F-16F7-4668-BE54-9A1E7A4F7556}") = "Exercice18", "Fundamentals\Exercice18\Exercice18.csproj", "{B42E6F52-7730-4FF3-B331-7DBBAB899FC3}"
EndProject
Project("{9A19103F-16F7-4668-BE54-9A1E7A4F7556}") = "Exercice1", "Fundamentals\Exercice1\Exercice1.csproj", "{42FCE220-2A4E-47B2-9358-DCFF710B44B3}"
EndProject
Project("{9A19103F-16F7-4668-BE54-9A1E7A4F7556}") = "Exercice20", "Fundamentals\Exercice20\Exercice20.csproj", "{6E3B3DE9-83E1-4A43-8187-8592B276B8EE}"
EndProject
Project("{9A19103F-16F7-4668-BE54-9A1E7A4F7556}") = "Exercice21", "Fundamentals\Exercice21\Exercice21.csproj", "{BD6761CD-A95B-421D-8BD8-28FBCEFC659E}"
EndProject
Project("{9A19103F-16F7-4668-BE54-9A1E7A4F7556}") = "Exercice22", "Fundamentals\Exercice22\Exercice22.csproj", "{9C433356-0C34-4618-8C3D-489846B2F958}"
EndProject
Project("{9A19103F-16F7-4668-BE54-9A1E7A4F7556}") = "Exercice23", "Fundamentals\Exercice23\Exercice23.csproj", "{97C19E91-CB44-48B3-9DE9-77434609FBCE}"
EndProject
Project("{9A19103F-16F7-4668-BE54-9A1E7A4F7556}") = "Exercice24", "Fundamentals\Exercice24\Exercice24.csproj", "{32E38A6E-97DA-4D84-9EE2-3D051AC7B246}"
EndProject
Project("{9A19103F-16F7-4668-BE54-9A1E7A4F7556}") = "Exercice22-1", "Fundamentals\Exercice22-1\Exercice22-1.csproj", "{82796A20-1B58-4BFB-A804-A57062756007}"
EndProject
Project("{9A19103F-16F7-4668-BE54-9A1E7A4F7556}") = "Exercice25", "Fundamentals\Exercice25\Exercice25.csproj", "{5B91959A-7BBB-4014-BE08-45B8A9B24A39}"
EndProject
Project("{9A19103F-16F7-4668-BE54-9A1E7A4F7556}") = "XmasTree", "Fundamentals\XmasTree\XmasTree.csproj", "{FC950FE6-8BAE-4CDA-AEA0-359536B257A2}"
EndProject
Project("{9A19103F-16F7-4668-BE54-9A1E7A4F7556}") = "Exercice28", "Fundamentals\Exercice28\Exercice28.csproj", "{4DBB87A1-238B-47A4-9B35-6903DC82C7AF}"
EndProject
Project("{9A19103F-16F7-4668-BE54-9A1E7A4F7556}") = "Exercice29", "Fundamentals\Exercice29\Exercice29.csproj", "{14AF6FDB-FCD3-4EB5-A41E-075CAA805E0D}"
EndProject
Project("{9A19103F-16F7-4668-BE54-9A1E7A4F7556}") = "Exercice30", "Fundamentals\Exercice30\Exercice30.csproj", "{6BEA3831-AA8E-48A1-B102-45513353563F}"
EndProject
Project("{9A19103F-16F7-4668-BE54-9A1E7A4F7556}") = "Exercice31", "Fundamentals\Exercice31\Exercice31.csproj", "{6D64B619-6D85-4549-996D-D7AEFAB0C48A}"
EndProject
Project("{9A19103F-16F7-4668-BE54-9A1E7A4F7556}") = "Exercice32", "Fundamentals\Exercice32\Exercice32.csproj", "{7F3B4C4C-1750-4465-9B52-107AD5D97152}"
EndProject
Project("{9A19103F-16F7-4668-BE54-9A1E7A4F7556}") = "Exercice33", "Fundamentals\Exercice33\Exercice33.csproj", "{E6AC30CA-8F8C-4F24-90C5-0452C275B5D4}"
EndProject
Project("{9A19103F-16F7-4668-BE54-9A1E7A4F7556}") = "Exercice34", "Fundamentals\Exercice34\Exercice34.csproj", "{B8CFE951-A073-4636-988C-5854626C846B}"
EndProject
Project("{9A19103F-16F7-4668-BE54-9A1E7A4F7556}") = "Exercice35", "Fundamentals\Exercice35\Exercice35.csproj", "{F6820285-B127-4F75-9340-EBA921A5B3F1}"
EndProject
Project("{9A19103F-16F7-4668-BE54-9A1E7A4F7556}") = "Exercice36", "Fundamentals\Exercice36\Exercice36.csproj", "{6CCFE72F-DA94-4B4C-98AB-1549E1CBDF4A}"
EndProject
Project("{9A19103F-16F7-4668-BE54-9A1E7A4F7556}") = "Exercice37", "Fundamentals\Exercice37\Exercice37.csproj", "{F0B40984-2374-431A-B040-C2D1EC55AB06}"
EndProject
Project("{9A19103F-16F7-4668-BE54-9A1E7A4F7556}") = "Exercice38", "Fundamentals\Exercice38\Exercice38.csproj", "{EAADD002-2DA8-4077-B2ED-68F740EC850B}"
EndProject
Project("{9A19103F-16F7-4668-BE54-9A1E7A4F7556}") = "Exercice39", "Fundamentals\Exercice39\Exercice39.csproj", "{EF72DE9E-7986-43ED-A0E8-60F77138AA77}"
EndProject
Project("{9A19103F-16F7-4668-BE54-9A1E7A4F7556}") = "Exercice40", "Fundamentals\Exercice40\Exercice40.csproj", "{9CBE210B-9BAF-412A-95F5-B099A200192A}"
EndProject
Project("{9A19103F-16F7-4668-BE54-9A1E7A4F7556}") = "Exercice41", "Fundamentals\Exercice41\Exercice41.csproj", "{088946D6-8AA2-41F4-A986-80716C1F10ED}"
EndProject
Project("{9A19103F-16F7-4668-BE54-9A1E7A4F7556}") = "Exercice42", "Fundamentals\Exercice42\Exercice42.csproj", "{67329D30-3BDB-4CE3-96D7-C801713C0DDF}"
EndProject
Project("{9A19103F-16F7-4668-BE54-9A1E7A4F7556}") = "Exercice43", "Fundamentals\Exercice43\Exercice43.csproj", "{FF68E0F4-BE6E-4F17-BEFE-1A9D34C5D047}"
EndProject
Project("{9A19103F-16F7-4668-BE54-9A1E7A4F7556}") = "Exercice44", "Fundamentals\Exercice44\Exercice44.csproj", "{8E730514-A906-40F9-8181-1FA50F2BF44B}"
EndProject
Project("{FAE04EC0-301F-11D3-BF4B-00C04F79EFBC}") = "Exercice45", "Fundamentals\Exercice45\Exercice45.csproj", "{254B2315-34DB-4358-80C4-5283612783DD}"
EndProject
Global
	GlobalSection(SolutionConfigurationPlatforms) = preSolution
		Debug|Any CPU = Debug|Any CPU
		Release|Any CPU = Release|Any CPU
	EndGlobalSection
	GlobalSection(ProjectConfigurationPlatforms) = postSolution
		{7C1BA119-4111-46EC-9B5B-CD7947217960}.Debug|Any CPU.ActiveCfg = Debug|Any CPU
		{7C1BA119-4111-46EC-9B5B-CD7947217960}.Debug|Any CPU.Build.0 = Debug|Any CPU
		{7C1BA119-4111-46EC-9B5B-CD7947217960}.Release|Any CPU.ActiveCfg = Release|Any CPU
		{7C1BA119-4111-46EC-9B5B-CD7947217960}.Release|Any CPU.Build.0 = Release|Any CPU
		{FDBE58AB-C711-4D69-9329-5F9AF3F7D60D}.Debug|Any CPU.ActiveCfg = Debug|Any CPU
		{FDBE58AB-C711-4D69-9329-5F9AF3F7D60D}.Debug|Any CPU.Build.0 = Debug|Any CPU
		{FDBE58AB-C711-4D69-9329-5F9AF3F7D60D}.Release|Any CPU.ActiveCfg = Release|Any CPU
		{FDBE58AB-C711-4D69-9329-5F9AF3F7D60D}.Release|Any CPU.Build.0 = Release|Any CPU
		{6E14531A-479E-46AE-8F7C-CA4290D9A37E}.Debug|Any CPU.ActiveCfg = Debug|Any CPU
		{6E14531A-479E-46AE-8F7C-CA4290D9A37E}.Debug|Any CPU.Build.0 = Debug|Any CPU
		{6E14531A-479E-46AE-8F7C-CA4290D9A37E}.Release|Any CPU.ActiveCfg = Release|Any CPU
		{6E14531A-479E-46AE-8F7C-CA4290D9A37E}.Release|Any CPU.Build.0 = Release|Any CPU
		{CA2807B3-9B20-45D6-883C-C3F04BE86206}.Debug|Any CPU.ActiveCfg = Debug|Any CPU
		{CA2807B3-9B20-45D6-883C-C3F04BE86206}.Debug|Any CPU.Build.0 = Debug|Any CPU
		{CA2807B3-9B20-45D6-883C-C3F04BE86206}.Release|Any CPU.ActiveCfg = Release|Any CPU
		{CA2807B3-9B20-45D6-883C-C3F04BE86206}.Release|Any CPU.Build.0 = Release|Any CPU
		{B9E8D9FF-25F7-4CF4-8171-46C11D33A472}.Debug|Any CPU.ActiveCfg = Debug|Any CPU
		{B9E8D9FF-25F7-4CF4-8171-46C11D33A472}.Debug|Any CPU.Build.0 = Debug|Any CPU
		{B9E8D9FF-25F7-4CF4-8171-46C11D33A472}.Release|Any CPU.ActiveCfg = Release|Any CPU
		{B9E8D9FF-25F7-4CF4-8171-46C11D33A472}.Release|Any CPU.Build.0 = Release|Any CPU
		{80BAD10F-B209-4B1F-917B-EB0A4012EF72}.Debug|Any CPU.ActiveCfg = Debug|Any CPU
		{80BAD10F-B209-4B1F-917B-EB0A4012EF72}.Debug|Any CPU.Build.0 = Debug|Any CPU
		{80BAD10F-B209-4B1F-917B-EB0A4012EF72}.Release|Any CPU.ActiveCfg = Release|Any CPU
		{80BAD10F-B209-4B1F-917B-EB0A4012EF72}.Release|Any CPU.Build.0 = Release|Any CPU
		{C707A980-04B3-436C-86B0-B8E494040608}.Debug|Any CPU.ActiveCfg = Debug|Any CPU
		{C707A980-04B3-436C-86B0-B8E494040608}.Debug|Any CPU.Build.0 = Debug|Any CPU
		{C707A980-04B3-436C-86B0-B8E494040608}.Release|Any CPU.ActiveCfg = Release|Any CPU
		{C707A980-04B3-436C-86B0-B8E494040608}.Release|Any CPU.Build.0 = Release|Any CPU
		{046BBE7D-741A-4256-99BC-9F318907C2CA}.Debug|Any CPU.ActiveCfg = Debug|Any CPU
		{046BBE7D-741A-4256-99BC-9F318907C2CA}.Debug|Any CPU.Build.0 = Debug|Any CPU
		{046BBE7D-741A-4256-99BC-9F318907C2CA}.Release|Any CPU.ActiveCfg = Release|Any CPU
		{046BBE7D-741A-4256-99BC-9F318907C2CA}.Release|Any CPU.Build.0 = Release|Any CPU
		{3B04FF9C-7636-4808-9537-0D36ED1E3803}.Debug|Any CPU.ActiveCfg = Debug|Any CPU
		{3B04FF9C-7636-4808-9537-0D36ED1E3803}.Debug|Any CPU.Build.0 = Debug|Any CPU
		{3B04FF9C-7636-4808-9537-0D36ED1E3803}.Release|Any CPU.ActiveCfg = Release|Any CPU
		{3B04FF9C-7636-4808-9537-0D36ED1E3803}.Release|Any CPU.Build.0 = Release|Any CPU
		{F661527E-CCFE-409B-AEE1-A1FD76832020}.Debug|Any CPU.ActiveCfg = Debug|Any CPU
		{F661527E-CCFE-409B-AEE1-A1FD76832020}.Debug|Any CPU.Build.0 = Debug|Any CPU
		{F661527E-CCFE-409B-AEE1-A1FD76832020}.Release|Any CPU.ActiveCfg = Release|Any CPU
		{F661527E-CCFE-409B-AEE1-A1FD76832020}.Release|Any CPU.Build.0 = Release|Any CPU
		{532BBFD0-2301-48C4-B4CC-56FAB0E01620}.Debug|Any CPU.ActiveCfg = Debug|Any CPU
		{532BBFD0-2301-48C4-B4CC-56FAB0E01620}.Debug|Any CPU.Build.0 = Debug|Any CPU
		{532BBFD0-2301-48C4-B4CC-56FAB0E01620}.Release|Any CPU.ActiveCfg = Release|Any CPU
		{532BBFD0-2301-48C4-B4CC-56FAB0E01620}.Release|Any CPU.Build.0 = Release|Any CPU
		{15155F19-36C0-4673-98E9-C80A31F1815E}.Debug|Any CPU.ActiveCfg = Debug|Any CPU
		{15155F19-36C0-4673-98E9-C80A31F1815E}.Debug|Any CPU.Build.0 = Debug|Any CPU
		{15155F19-36C0-4673-98E9-C80A31F1815E}.Release|Any CPU.ActiveCfg = Release|Any CPU
		{15155F19-36C0-4673-98E9-C80A31F1815E}.Release|Any CPU.Build.0 = Release|Any CPU
		{FD579E77-E038-4C64-BDFA-6395FD28AAA4}.Debug|Any CPU.ActiveCfg = Debug|Any CPU
		{FD579E77-E038-4C64-BDFA-6395FD28AAA4}.Debug|Any CPU.Build.0 = Debug|Any CPU
		{FD579E77-E038-4C64-BDFA-6395FD28AAA4}.Release|Any CPU.ActiveCfg = Release|Any CPU
		{FD579E77-E038-4C64-BDFA-6395FD28AAA4}.Release|Any CPU.Build.0 = Release|Any CPU
		{0ECF44D9-1889-49AD-A828-DA15E9659B64}.Debug|Any CPU.ActiveCfg = Debug|Any CPU
		{0ECF44D9-1889-49AD-A828-DA15E9659B64}.Debug|Any CPU.Build.0 = Debug|Any CPU
		{0ECF44D9-1889-49AD-A828-DA15E9659B64}.Release|Any CPU.ActiveCfg = Release|Any CPU
		{0ECF44D9-1889-49AD-A828-DA15E9659B64}.Release|Any CPU.Build.0 = Release|Any CPU
		{70BFA9E7-6F21-400F-9408-889C6FC29A66}.Debug|Any CPU.ActiveCfg = Debug|Any CPU
		{70BFA9E7-6F21-400F-9408-889C6FC29A66}.Debug|Any CPU.Build.0 = Debug|Any CPU
		{70BFA9E7-6F21-400F-9408-889C6FC29A66}.Release|Any CPU.ActiveCfg = Release|Any CPU
		{70BFA9E7-6F21-400F-9408-889C6FC29A66}.Release|Any CPU.Build.0 = Release|Any CPU
		{B42E6F52-7730-4FF3-B331-7DBBAB899FC3}.Debug|Any CPU.ActiveCfg = Debug|Any CPU
		{B42E6F52-7730-4FF3-B331-7DBBAB899FC3}.Debug|Any CPU.Build.0 = Debug|Any CPU
		{B42E6F52-7730-4FF3-B331-7DBBAB899FC3}.Release|Any CPU.ActiveCfg = Release|Any CPU
		{B42E6F52-7730-4FF3-B331-7DBBAB899FC3}.Release|Any CPU.Build.0 = Release|Any CPU
		{42FCE220-2A4E-47B2-9358-DCFF710B44B3}.Debug|Any CPU.ActiveCfg = Debug|Any CPU
		{42FCE220-2A4E-47B2-9358-DCFF710B44B3}.Debug|Any CPU.Build.0 = Debug|Any CPU
		{42FCE220-2A4E-47B2-9358-DCFF710B44B3}.Release|Any CPU.ActiveCfg = Release|Any CPU
		{42FCE220-2A4E-47B2-9358-DCFF710B44B3}.Release|Any CPU.Build.0 = Release|Any CPU
		{6E3B3DE9-83E1-4A43-8187-8592B276B8EE}.Debug|Any CPU.ActiveCfg = Debug|Any CPU
		{6E3B3DE9-83E1-4A43-8187-8592B276B8EE}.Debug|Any CPU.Build.0 = Debug|Any CPU
		{6E3B3DE9-83E1-4A43-8187-8592B276B8EE}.Release|Any CPU.ActiveCfg = Release|Any CPU
		{6E3B3DE9-83E1-4A43-8187-8592B276B8EE}.Release|Any CPU.Build.0 = Release|Any CPU
		{BD6761CD-A95B-421D-8BD8-28FBCEFC659E}.Debug|Any CPU.ActiveCfg = Debug|Any CPU
		{BD6761CD-A95B-421D-8BD8-28FBCEFC659E}.Debug|Any CPU.Build.0 = Debug|Any CPU
		{BD6761CD-A95B-421D-8BD8-28FBCEFC659E}.Release|Any CPU.ActiveCfg = Release|Any CPU
		{BD6761CD-A95B-421D-8BD8-28FBCEFC659E}.Release|Any CPU.Build.0 = Release|Any CPU
		{9C433356-0C34-4618-8C3D-489846B2F958}.Debug|Any CPU.ActiveCfg = Debug|Any CPU
		{9C433356-0C34-4618-8C3D-489846B2F958}.Debug|Any CPU.Build.0 = Debug|Any CPU
		{9C433356-0C34-4618-8C3D-489846B2F958}.Release|Any CPU.ActiveCfg = Release|Any CPU
		{9C433356-0C34-4618-8C3D-489846B2F958}.Release|Any CPU.Build.0 = Release|Any CPU
		{97C19E91-CB44-48B3-9DE9-77434609FBCE}.Debug|Any CPU.ActiveCfg = Debug|Any CPU
		{97C19E91-CB44-48B3-9DE9-77434609FBCE}.Debug|Any CPU.Build.0 = Debug|Any CPU
		{97C19E91-CB44-48B3-9DE9-77434609FBCE}.Release|Any CPU.ActiveCfg = Release|Any CPU
		{97C19E91-CB44-48B3-9DE9-77434609FBCE}.Release|Any CPU.Build.0 = Release|Any CPU
		{32E38A6E-97DA-4D84-9EE2-3D051AC7B246}.Debug|Any CPU.ActiveCfg = Debug|Any CPU
		{32E38A6E-97DA-4D84-9EE2-3D051AC7B246}.Debug|Any CPU.Build.0 = Debug|Any CPU
		{32E38A6E-97DA-4D84-9EE2-3D051AC7B246}.Release|Any CPU.ActiveCfg = Release|Any CPU
		{32E38A6E-97DA-4D84-9EE2-3D051AC7B246}.Release|Any CPU.Build.0 = Release|Any CPU
		{82796A20-1B58-4BFB-A804-A57062756007}.Debug|Any CPU.ActiveCfg = Debug|Any CPU
		{82796A20-1B58-4BFB-A804-A57062756007}.Debug|Any CPU.Build.0 = Debug|Any CPU
		{82796A20-1B58-4BFB-A804-A57062756007}.Release|Any CPU.ActiveCfg = Release|Any CPU
		{82796A20-1B58-4BFB-A804-A57062756007}.Release|Any CPU.Build.0 = Release|Any CPU
		{5B91959A-7BBB-4014-BE08-45B8A9B24A39}.Debug|Any CPU.ActiveCfg = Debug|Any CPU
		{5B91959A-7BBB-4014-BE08-45B8A9B24A39}.Debug|Any CPU.Build.0 = Debug|Any CPU
		{5B91959A-7BBB-4014-BE08-45B8A9B24A39}.Release|Any CPU.ActiveCfg = Release|Any CPU
		{5B91959A-7BBB-4014-BE08-45B8A9B24A39}.Release|Any CPU.Build.0 = Release|Any CPU
		{FC950FE6-8BAE-4CDA-AEA0-359536B257A2}.Debug|Any CPU.ActiveCfg = Debug|Any CPU
		{FC950FE6-8BAE-4CDA-AEA0-359536B257A2}.Debug|Any CPU.Build.0 = Debug|Any CPU
		{FC950FE6-8BAE-4CDA-AEA0-359536B257A2}.Release|Any CPU.ActiveCfg = Release|Any CPU
		{FC950FE6-8BAE-4CDA-AEA0-359536B257A2}.Release|Any CPU.Build.0 = Release|Any CPU
		{4DBB87A1-238B-47A4-9B35-6903DC82C7AF}.Debug|Any CPU.ActiveCfg = Debug|Any CPU
		{4DBB87A1-238B-47A4-9B35-6903DC82C7AF}.Debug|Any CPU.Build.0 = Debug|Any CPU
		{4DBB87A1-238B-47A4-9B35-6903DC82C7AF}.Release|Any CPU.ActiveCfg = Release|Any CPU
		{4DBB87A1-238B-47A4-9B35-6903DC82C7AF}.Release|Any CPU.Build.0 = Release|Any CPU
		{14AF6FDB-FCD3-4EB5-A41E-075CAA805E0D}.Debug|Any CPU.ActiveCfg = Debug|Any CPU
		{14AF6FDB-FCD3-4EB5-A41E-075CAA805E0D}.Debug|Any CPU.Build.0 = Debug|Any CPU
		{14AF6FDB-FCD3-4EB5-A41E-075CAA805E0D}.Release|Any CPU.ActiveCfg = Release|Any CPU
		{14AF6FDB-FCD3-4EB5-A41E-075CAA805E0D}.Release|Any CPU.Build.0 = Release|Any CPU
		{6BEA3831-AA8E-48A1-B102-45513353563F}.Debug|Any CPU.ActiveCfg = Debug|Any CPU
		{6BEA3831-AA8E-48A1-B102-45513353563F}.Debug|Any CPU.Build.0 = Debug|Any CPU
		{6BEA3831-AA8E-48A1-B102-45513353563F}.Release|Any CPU.ActiveCfg = Release|Any CPU
		{6BEA3831-AA8E-48A1-B102-45513353563F}.Release|Any CPU.Build.0 = Release|Any CPU
		{6D64B619-6D85-4549-996D-D7AEFAB0C48A}.Debug|Any CPU.ActiveCfg = Debug|Any CPU
		{6D64B619-6D85-4549-996D-D7AEFAB0C48A}.Debug|Any CPU.Build.0 = Debug|Any CPU
		{6D64B619-6D85-4549-996D-D7AEFAB0C48A}.Release|Any CPU.ActiveCfg = Release|Any CPU
		{6D64B619-6D85-4549-996D-D7AEFAB0C48A}.Release|Any CPU.Build.0 = Release|Any CPU
		{7F3B4C4C-1750-4465-9B52-107AD5D97152}.Debug|Any CPU.ActiveCfg = Debug|Any CPU
		{7F3B4C4C-1750-4465-9B52-107AD5D97152}.Debug|Any CPU.Build.0 = Debug|Any CPU
		{7F3B4C4C-1750-4465-9B52-107AD5D97152}.Release|Any CPU.ActiveCfg = Release|Any CPU
		{7F3B4C4C-1750-4465-9B52-107AD5D97152}.Release|Any CPU.Build.0 = Release|Any CPU
		{E6AC30CA-8F8C-4F24-90C5-0452C275B5D4}.Debug|Any CPU.ActiveCfg = Debug|Any CPU
		{E6AC30CA-8F8C-4F24-90C5-0452C275B5D4}.Debug|Any CPU.Build.0 = Debug|Any CPU
		{E6AC30CA-8F8C-4F24-90C5-0452C275B5D4}.Release|Any CPU.ActiveCfg = Release|Any CPU
		{E6AC30CA-8F8C-4F24-90C5-0452C275B5D4}.Release|Any CPU.Build.0 = Release|Any CPU
		{B8CFE951-A073-4636-988C-5854626C846B}.Debug|Any CPU.ActiveCfg = Debug|Any CPU
		{B8CFE951-A073-4636-988C-5854626C846B}.Debug|Any CPU.Build.0 = Debug|Any CPU
		{B8CFE951-A073-4636-988C-5854626C846B}.Release|Any CPU.ActiveCfg = Release|Any CPU
		{B8CFE951-A073-4636-988C-5854626C846B}.Release|Any CPU.Build.0 = Release|Any CPU
		{F6820285-B127-4F75-9340-EBA921A5B3F1}.Debug|Any CPU.ActiveCfg = Debug|Any CPU
		{F6820285-B127-4F75-9340-EBA921A5B3F1}.Debug|Any CPU.Build.0 = Debug|Any CPU
		{F6820285-B127-4F75-9340-EBA921A5B3F1}.Release|Any CPU.ActiveCfg = Release|Any CPU
		{F6820285-B127-4F75-9340-EBA921A5B3F1}.Release|Any CPU.Build.0 = Release|Any CPU
		{6CCFE72F-DA94-4B4C-98AB-1549E1CBDF4A}.Debug|Any CPU.ActiveCfg = Debug|Any CPU
		{6CCFE72F-DA94-4B4C-98AB-1549E1CBDF4A}.Debug|Any CPU.Build.0 = Debug|Any CPU
		{6CCFE72F-DA94-4B4C-98AB-1549E1CBDF4A}.Release|Any CPU.ActiveCfg = Release|Any CPU
		{6CCFE72F-DA94-4B4C-98AB-1549E1CBDF4A}.Release|Any CPU.Build.0 = Release|Any CPU
		{F0B40984-2374-431A-B040-C2D1EC55AB06}.Debug|Any CPU.ActiveCfg = Debug|Any CPU
		{F0B40984-2374-431A-B040-C2D1EC55AB06}.Debug|Any CPU.Build.0 = Debug|Any CPU
		{F0B40984-2374-431A-B040-C2D1EC55AB06}.Release|Any CPU.ActiveCfg = Release|Any CPU
		{F0B40984-2374-431A-B040-C2D1EC55AB06}.Release|Any CPU.Build.0 = Release|Any CPU
		{EAADD002-2DA8-4077-B2ED-68F740EC850B}.Debug|Any CPU.ActiveCfg = Debug|Any CPU
		{EAADD002-2DA8-4077-B2ED-68F740EC850B}.Debug|Any CPU.Build.0 = Debug|Any CPU
		{EAADD002-2DA8-4077-B2ED-68F740EC850B}.Release|Any CPU.ActiveCfg = Release|Any CPU
		{EAADD002-2DA8-4077-B2ED-68F740EC850B}.Release|Any CPU.Build.0 = Release|Any CPU
		{EF72DE9E-7986-43ED-A0E8-60F77138AA77}.Debug|Any CPU.ActiveCfg = Debug|Any CPU
		{EF72DE9E-7986-43ED-A0E8-60F77138AA77}.Debug|Any CPU.Build.0 = Debug|Any CPU
		{EF72DE9E-7986-43ED-A0E8-60F77138AA77}.Release|Any CPU.ActiveCfg = Release|Any CPU
		{EF72DE9E-7986-43ED-A0E8-60F77138AA77}.Release|Any CPU.Build.0 = Release|Any CPU
		{9CBE210B-9BAF-412A-95F5-B099A200192A}.Debug|Any CPU.ActiveCfg = Debug|Any CPU
		{9CBE210B-9BAF-412A-95F5-B099A200192A}.Debug|Any CPU.Build.0 = Debug|Any CPU
		{9CBE210B-9BAF-412A-95F5-B099A200192A}.Release|Any CPU.ActiveCfg = Release|Any CPU
		{9CBE210B-9BAF-412A-95F5-B099A200192A}.Release|Any CPU.Build.0 = Release|Any CPU
		{088946D6-8AA2-41F4-A986-80716C1F10ED}.Debug|Any CPU.ActiveCfg = Debug|Any CPU
		{088946D6-8AA2-41F4-A986-80716C1F10ED}.Debug|Any CPU.Build.0 = Debug|Any CPU
		{088946D6-8AA2-41F4-A986-80716C1F10ED}.Release|Any CPU.ActiveCfg = Release|Any CPU
		{088946D6-8AA2-41F4-A986-80716C1F10ED}.Release|Any CPU.Build.0 = Release|Any CPU
		{67329D30-3BDB-4CE3-96D7-C801713C0DDF}.Debug|Any CPU.ActiveCfg = Debug|Any CPU
		{67329D30-3BDB-4CE3-96D7-C801713C0DDF}.Debug|Any CPU.Build.0 = Debug|Any CPU
		{67329D30-3BDB-4CE3-96D7-C801713C0DDF}.Release|Any CPU.ActiveCfg = Release|Any CPU
		{67329D30-3BDB-4CE3-96D7-C801713C0DDF}.Release|Any CPU.Build.0 = Release|Any CPU
		{FF68E0F4-BE6E-4F17-BEFE-1A9D34C5D047}.Debug|Any CPU.ActiveCfg = Debug|Any CPU
		{FF68E0F4-BE6E-4F17-BEFE-1A9D34C5D047}.Debug|Any CPU.Build.0 = Debug|Any CPU
		{FF68E0F4-BE6E-4F17-BEFE-1A9D34C5D047}.Release|Any CPU.ActiveCfg = Release|Any CPU
		{FF68E0F4-BE6E-4F17-BEFE-1A9D34C5D047}.Release|Any CPU.Build.0 = Release|Any CPU
		{8E730514-A906-40F9-8181-1FA50F2BF44B}.Debug|Any CPU.ActiveCfg = Debug|Any CPU
		{8E730514-A906-40F9-8181-1FA50F2BF44B}.Debug|Any CPU.Build.0 = Debug|Any CPU
		{8E730514-A906-40F9-8181-1FA50F2BF44B}.Release|Any CPU.ActiveCfg = Release|Any CPU
		{8E730514-A906-40F9-8181-1FA50F2BF44B}.Release|Any CPU.Build.0 = Release|Any CPU
		{254B2315-34DB-4358-80C4-5283612783DD}.Debug|Any CPU.ActiveCfg = Debug|Any CPU
		{254B2315-34DB-4358-80C4-5283612783DD}.Debug|Any CPU.Build.0 = Debug|Any CPU
		{254B2315-34DB-4358-80C4-5283612783DD}.Release|Any CPU.ActiveCfg = Release|Any CPU
		{254B2315-34DB-4358-80C4-5283612783DD}.Release|Any CPU.Build.0 = Release|Any CPU
	EndGlobalSection
	GlobalSection(SolutionProperties) = preSolution
		HideSolutionNode = FALSE
	EndGlobalSection
	GlobalSection(ExtensibilityGlobals) = postSolution
		SolutionGuid = {D637B0BD-E22E-4196-932B-2AF649C27183}
	EndGlobalSection
EndGlobal
