
Microsoft Visual Studio Solution File, Format Version 12.00
# Visual Studio Version 17
VisualStudioVersion = 17.8.34330.188
MinimumVisualStudioVersion = 10.0.40219.1
Project("{9A19103F-16F7-4668-BE54-9A1E7A4F7556}") = "Exercice01-Chaise", "POO\Exercice01-Chaise\Exercice01-Chaise.csproj", "{17A9341F-7404-4E69-A79B-171631F7AF20}"
EndProject
Project("{9A19103F-16F7-4668-BE54-9A1E7A4F7556}") = "Exercice02-Salarie", "POO\Exercice02-Salarie\Exercice02-Salarie.csproj", "{16349005-B008-44B4-9B9C-370ABD9F5D85}"
EndProject
Project("{9A19103F-16F7-4668-BE54-9A1E7A4F7556}") = "Exercice03-Pendu", "POO\Exercice03-Pendu\Exercice03-Pendu.csproj", "{87DADDB5-26DB-4B54-A7BB-B9B632B6474F}"
EndProject
Project("{9A19103F-16F7-4668-BE54-9A1E7A4F7556}") = "Exercice04-Citernes", "POO\Exercice04-Citernes\Exercice04-Citernes.csproj", "{F819BBC3-9209-4DE1-836E-FC8849A02E6C}"
EndProject
Project("{9A19103F-16F7-4668-BE54-9A1E7A4F7556}") = "Exercice05_SalariesAvecHeritage", "POO\Exercice05-SalarieAvecHeritage\Exercice05_SalariesAvecHeritage.csproj", "{2012FF82-1BF5-4513-823B-1B51EEBC5098}"
EndProject
Project("{9A19103F-16F7-4668-BE54-9A1E7A4F7556}") = "Exercice06-ComptesBancaires", "POO\Exercice06-ComptesBancaires\Exercice06-ComptesBancaires.csproj", "{C988F447-FA22-4138-96D4-5B4A0C08EE64}"
EndProject
Project("{9A19103F-16F7-4668-BE54-9A1E7A4F7556}") = "Exercice07-Figure", "POO\Exercice07-Figure\Exercice07-Figure.csproj", "{AF829022-49F9-4AB4-9B81-62493A5F3D28}"
EndProject
Project("{9A19103F-16F7-4668-BE54-9A1E7A4F7556}") = "Exercice08-Pile", "POO\Exercice08-Pile\Exercice08-Pile.csproj", "{FC81502A-1960-4EA7-AA87-84010B34556D}"
EndProject
Project("{9A19103F-16F7-4668-BE54-9A1E7A4F7556}") = "Exercice09-Hotel", "POO\Exercice09-Hotel\Exercice09-Hotel.csproj", "{272158BF-5300-4C53-981C-08C0E53CF4FF}"
EndProject
Global
	GlobalSection(SolutionConfigurationPlatforms) = preSolution
		Debug|Any CPU = Debug|Any CPU
		Release|Any CPU = Release|Any CPU
	EndGlobalSection
	GlobalSection(ProjectConfigurationPlatforms) = postSolution
		{17A9341F-7404-4E69-A79B-171631F7AF20}.Debug|Any CPU.ActiveCfg = Debug|Any CPU
		{17A9341F-7404-4E69-A79B-171631F7AF20}.Debug|Any CPU.Build.0 = Debug|Any CPU
		{17A9341F-7404-4E69-A79B-171631F7AF20}.Release|Any CPU.ActiveCfg = Release|Any CPU
		{17A9341F-7404-4E69-A79B-171631F7AF20}.Release|Any CPU.Build.0 = Release|Any CPU
		{16349005-B008-44B4-9B9C-370ABD9F5D85}.Debug|Any CPU.ActiveCfg = Debug|Any CPU
		{16349005-B008-44B4-9B9C-370ABD9F5D85}.Debug|Any CPU.Build.0 = Debug|Any CPU
		{16349005-B008-44B4-9B9C-370ABD9F5D85}.Release|Any CPU.ActiveCfg = Release|Any CPU
		{16349005-B008-44B4-9B9C-370ABD9F5D85}.Release|Any CPU.Build.0 = Release|Any CPU
		{87DADDB5-26DB-4B54-A7BB-B9B632B6474F}.Debug|Any CPU.ActiveCfg = Debug|Any CPU
		{87DADDB5-26DB-4B54-A7BB-B9B632B6474F}.Debug|Any CPU.Build.0 = Debug|Any CPU
		{87DADDB5-26DB-4B54-A7BB-B9B632B6474F}.Release|Any CPU.ActiveCfg = Release|Any CPU
		{87DADDB5-26DB-4B54-A7BB-B9B632B6474F}.Release|Any CPU.Build.0 = Release|Any CPU
		{F819BBC3-9209-4DE1-836E-FC8849A02E6C}.Debug|Any CPU.ActiveCfg = Debug|Any CPU
		{F819BBC3-9209-4DE1-836E-FC8849A02E6C}.Debug|Any CPU.Build.0 = Debug|Any CPU
		{F819BBC3-9209-4DE1-836E-FC8849A02E6C}.Release|Any CPU.ActiveCfg = Release|Any CPU
		{F819BBC3-9209-4DE1-836E-FC8849A02E6C}.Release|Any CPU.Build.0 = Release|Any CPU
		{2012FF82-1BF5-4513-823B-1B51EEBC5098}.Debug|Any CPU.ActiveCfg = Debug|Any CPU
		{2012FF82-1BF5-4513-823B-1B51EEBC5098}.Debug|Any CPU.Build.0 = Debug|Any CPU
		{2012FF82-1BF5-4513-823B-1B51EEBC5098}.Release|Any CPU.ActiveCfg = Release|Any CPU
		{2012FF82-1BF5-4513-823B-1B51EEBC5098}.Release|Any CPU.Build.0 = Release|Any CPU
		{C988F447-FA22-4138-96D4-5B4A0C08EE64}.Debug|Any CPU.ActiveCfg = Debug|Any CPU
		{C988F447-FA22-4138-96D4-5B4A0C08EE64}.Debug|Any CPU.Build.0 = Debug|Any CPU
		{C988F447-FA22-4138-96D4-5B4A0C08EE64}.Release|Any CPU.ActiveCfg = Release|Any CPU
		{C988F447-FA22-4138-96D4-5B4A0C08EE64}.Release|Any CPU.Build.0 = Release|Any CPU
		{AF829022-49F9-4AB4-9B81-62493A5F3D28}.Debug|Any CPU.ActiveCfg = Debug|Any CPU
		{AF829022-49F9-4AB4-9B81-62493A5F3D28}.Debug|Any CPU.Build.0 = Debug|Any CPU
		{AF829022-49F9-4AB4-9B81-62493A5F3D28}.Release|Any CPU.ActiveCfg = Release|Any CPU
		{AF829022-49F9-4AB4-9B81-62493A5F3D28}.Release|Any CPU.Build.0 = Release|Any CPU
		{FC81502A-1960-4EA7-AA87-84010B34556D}.Debug|Any CPU.ActiveCfg = Debug|Any CPU
		{FC81502A-1960-4EA7-AA87-84010B34556D}.Debug|Any CPU.Build.0 = Debug|Any CPU
		{FC81502A-1960-4EA7-AA87-84010B34556D}.Release|Any CPU.ActiveCfg = Release|Any CPU
		{FC81502A-1960-4EA7-AA87-84010B34556D}.Release|Any CPU.Build.0 = Release|Any CPU
		{272158BF-5300-4C53-981C-08C0E53CF4FF}.Debug|Any CPU.ActiveCfg = Debug|Any CPU
		{272158BF-5300-4C53-981C-08C0E53CF4FF}.Debug|Any CPU.Build.0 = Debug|Any CPU
		{272158BF-5300-4C53-981C-08C0E53CF4FF}.Release|Any CPU.ActiveCfg = Release|Any CPU
		{272158BF-5300-4C53-981C-08C0E53CF4FF}.Release|Any CPU.Build.0 = Release|Any CPU
	EndGlobalSection
	GlobalSection(SolutionProperties) = preSolution
		HideSolutionNode = FALSE
	EndGlobalSection
	GlobalSection(ExtensibilityGlobals) = postSolution
		SolutionGuid = {91BEB22A-0322-44CA-9764-E0EADB545560}
	EndGlobalSection
EndGlobal
